// !$*UTF8*$!
{
	archiveVersion = 1;
	classes = {
	};
	objectVersion = 50;
	objects = {

/* Begin PBXBuildFile section */
		012C5E192085B0BF00719F59 /* AppDelegate.swift in Sources */ = {isa = PBXBuildFile; fileRef = 012C5E182085B0BF00719F59 /* AppDelegate.swift */; };
		012C5E1B2085B0BF00719F59 /* ViewController.swift in Sources */ = {isa = PBXBuildFile; fileRef = 012C5E1A2085B0BF00719F59 /* ViewController.swift */; };
		012C5E1E2085B0BF00719F59 /* Main.storyboard in Resources */ = {isa = PBXBuildFile; fileRef = 012C5E1C2085B0BF00719F59 /* Main.storyboard */; };
		012C5E202085B0CC00719F59 /* Assets.xcassets in Resources */ = {isa = PBXBuildFile; fileRef = 012C5E1F2085B0CC00719F59 /* Assets.xcassets */; };
		012C5E232085B0CC00719F59 /* LaunchScreen.storyboard in Resources */ = {isa = PBXBuildFile; fileRef = 012C5E212085B0CC00719F59 /* LaunchScreen.storyboard */; };
		012C5E2E2085B0CC00719F59 /* BitCastTests.swift in Sources */ = {isa = PBXBuildFile; fileRef = 012C5E2D2085B0CC00719F59 /* BitCastTests.swift */; };
		012C5E392085B0CD00719F59 /* BitCastUITests.swift in Sources */ = {isa = PBXBuildFile; fileRef = 012C5E382085B0CD00719F59 /* BitCastUITests.swift */; };
		0152981920871A7B004F16CF /* PodcastCell.xib in Resources */ = {isa = PBXBuildFile; fileRef = 0152981820871A7B004F16CF /* PodcastCell.xib */; };
		0152981B20871DBB004F16CF /* PodcastTableViewCell.swift in Sources */ = {isa = PBXBuildFile; fileRef = 0152981A20871DBB004F16CF /* PodcastTableViewCell.swift */; };
		0152981E20899C55004F16CF /* APIService.swift in Sources */ = {isa = PBXBuildFile; fileRef = 0152981D20899C55004F16CF /* APIService.swift */; };
		01F4404D2085B90A00A31883 /* MainTabBarController.swift in Sources */ = {isa = PBXBuildFile; fileRef = 01F4404C2085B90A00A31883 /* MainTabBarController.swift */; };
		01F4405020860D6300A31883 /* PodcastsSearchTableViewController.swift in Sources */ = {isa = PBXBuildFile; fileRef = 01F4404F20860D6300A31883 /* PodcastsSearchTableViewController.swift */; };
		01F440532086125700A31883 /* Podcast.swift in Sources */ = {isa = PBXBuildFile; fileRef = 01F440522086125700A31883 /* Podcast.swift */; };
		01F440562086142000A31883 /* SearchCell.swift in Sources */ = {isa = PBXBuildFile; fileRef = 01F440552086142000A31883 /* SearchCell.swift */; };
		47966A9737654F7571A1C572 /* Pods_BitCastTests.framework in Frameworks */ = {isa = PBXBuildFile; fileRef = A6E320F4246183D454E29889 /* Pods_BitCastTests.framework */; };
		9533DDE78FD37172113F5FE9 /* Pods_BitCast.framework in Frameworks */ = {isa = PBXBuildFile; fileRef = 461979FFB28706544E1262A9 /* Pods_BitCast.framework */; };
		A010D192294DA049485249F4 /* Pods_BitCastUITests.framework in Frameworks */ = {isa = PBXBuildFile; fileRef = 76E3008A9403414855E57F58 /* Pods_BitCastUITests.framework */; };
/* End PBXBuildFile section */

/* Begin PBXContainerItemProxy section */
		012C5E2A2085B0CC00719F59 /* PBXContainerItemProxy */ = {
			isa = PBXContainerItemProxy;
			containerPortal = 012C5E0D2085B0BF00719F59 /* Project object */;
			proxyType = 1;
			remoteGlobalIDString = 012C5E142085B0BF00719F59;
			remoteInfo = BitCast;
		};
		012C5E352085B0CD00719F59 /* PBXContainerItemProxy */ = {
			isa = PBXContainerItemProxy;
			containerPortal = 012C5E0D2085B0BF00719F59 /* Project object */;
			proxyType = 1;
			remoteGlobalIDString = 012C5E142085B0BF00719F59;
			remoteInfo = BitCast;
		};
/* End PBXContainerItemProxy section */

/* Begin PBXFileReference section */
		012C5E152085B0BF00719F59 /* BitCast.app */ = {isa = PBXFileReference; explicitFileType = wrapper.application; includeInIndex = 0; path = BitCast.app; sourceTree = BUILT_PRODUCTS_DIR; };
		012C5E182085B0BF00719F59 /* AppDelegate.swift */ = {isa = PBXFileReference; lastKnownFileType = sourcecode.swift; path = AppDelegate.swift; sourceTree = "<group>"; };
		012C5E1A2085B0BF00719F59 /* ViewController.swift */ = {isa = PBXFileReference; lastKnownFileType = sourcecode.swift; path = ViewController.swift; sourceTree = "<group>"; };
		012C5E1D2085B0BF00719F59 /* Base */ = {isa = PBXFileReference; lastKnownFileType = file.storyboard; name = Base; path = Base.lproj/Main.storyboard; sourceTree = "<group>"; };
		012C5E1F2085B0CC00719F59 /* Assets.xcassets */ = {isa = PBXFileReference; lastKnownFileType = folder.assetcatalog; path = Assets.xcassets; sourceTree = "<group>"; };
		012C5E222085B0CC00719F59 /* Base */ = {isa = PBXFileReference; lastKnownFileType = file.storyboard; name = Base; path = Base.lproj/LaunchScreen.storyboard; sourceTree = "<group>"; };
		012C5E242085B0CC00719F59 /* Info.plist */ = {isa = PBXFileReference; lastKnownFileType = text.plist.xml; path = Info.plist; sourceTree = "<group>"; };
		012C5E292085B0CC00719F59 /* BitCastTests.xctest */ = {isa = PBXFileReference; explicitFileType = wrapper.cfbundle; includeInIndex = 0; path = BitCastTests.xctest; sourceTree = BUILT_PRODUCTS_DIR; };
		012C5E2D2085B0CC00719F59 /* BitCastTests.swift */ = {isa = PBXFileReference; lastKnownFileType = sourcecode.swift; path = BitCastTests.swift; sourceTree = "<group>"; };
		012C5E2F2085B0CC00719F59 /* Info.plist */ = {isa = PBXFileReference; lastKnownFileType = text.plist.xml; path = Info.plist; sourceTree = "<group>"; };
		012C5E342085B0CD00719F59 /* BitCastUITests.xctest */ = {isa = PBXFileReference; explicitFileType = wrapper.cfbundle; includeInIndex = 0; path = BitCastUITests.xctest; sourceTree = BUILT_PRODUCTS_DIR; };
		012C5E382085B0CD00719F59 /* BitCastUITests.swift */ = {isa = PBXFileReference; lastKnownFileType = sourcecode.swift; path = BitCastUITests.swift; sourceTree = "<group>"; };
		012C5E3A2085B0CD00719F59 /* Info.plist */ = {isa = PBXFileReference; lastKnownFileType = text.plist.xml; path = Info.plist; sourceTree = "<group>"; };
		0152981820871A7B004F16CF /* PodcastCell.xib */ = {isa = PBXFileReference; lastKnownFileType = file.xib; path = PodcastCell.xib; sourceTree = "<group>"; };
		0152981A20871DBB004F16CF /* PodcastTableViewCell.swift */ = {isa = PBXFileReference; lastKnownFileType = sourcecode.swift; path = PodcastTableViewCell.swift; sourceTree = "<group>"; };
		0152981D20899C55004F16CF /* APIService.swift */ = {isa = PBXFileReference; lastKnownFileType = sourcecode.swift; path = APIService.swift; sourceTree = "<group>"; };
		01F4404C2085B90A00A31883 /* MainTabBarController.swift */ = {isa = PBXFileReference; lastKnownFileType = sourcecode.swift; path = MainTabBarController.swift; sourceTree = "<group>"; };
		01F4404F20860D6300A31883 /* PodcastsSearchTableViewController.swift */ = {isa = PBXFileReference; lastKnownFileType = sourcecode.swift; path = PodcastsSearchTableViewController.swift; sourceTree = "<group>"; };
		01F440522086125700A31883 /* Podcast.swift */ = {isa = PBXFileReference; lastKnownFileType = sourcecode.swift; path = Podcast.swift; sourceTree = "<group>"; };
		01F440552086142000A31883 /* SearchCell.swift */ = {isa = PBXFileReference; lastKnownFileType = sourcecode.swift; path = SearchCell.swift; sourceTree = "<group>"; };
		461979FFB28706544E1262A9 /* Pods_BitCast.framework */ = {isa = PBXFileReference; explicitFileType = wrapper.framework; includeInIndex = 0; path = Pods_BitCast.framework; sourceTree = BUILT_PRODUCTS_DIR; };
		50F55EB293CC9249865214B4 /* Pods-BitCast.release.xcconfig */ = {isa = PBXFileReference; includeInIndex = 1; lastKnownFileType = text.xcconfig; name = "Pods-BitCast.release.xcconfig"; path = "Pods/Target Support Files/Pods-BitCast/Pods-BitCast.release.xcconfig"; sourceTree = "<group>"; };
		6CB98F8B1E777DA4F1C7B685 /* Pods-BitCastTests.debug.xcconfig */ = {isa = PBXFileReference; includeInIndex = 1; lastKnownFileType = text.xcconfig; name = "Pods-BitCastTests.debug.xcconfig"; path = "Pods/Target Support Files/Pods-BitCastTests/Pods-BitCastTests.debug.xcconfig"; sourceTree = "<group>"; };
		76E3008A9403414855E57F58 /* Pods_BitCastUITests.framework */ = {isa = PBXFileReference; explicitFileType = wrapper.framework; includeInIndex = 0; path = Pods_BitCastUITests.framework; sourceTree = BUILT_PRODUCTS_DIR; };
		A6E320F4246183D454E29889 /* Pods_BitCastTests.framework */ = {isa = PBXFileReference; explicitFileType = wrapper.framework; includeInIndex = 0; path = Pods_BitCastTests.framework; sourceTree = BUILT_PRODUCTS_DIR; };
		B5F648B74679323F1D323D8C /* Pods-BitCast.debug.xcconfig */ = {isa = PBXFileReference; includeInIndex = 1; lastKnownFileType = text.xcconfig; name = "Pods-BitCast.debug.xcconfig"; path = "Pods/Target Support Files/Pods-BitCast/Pods-BitCast.debug.xcconfig"; sourceTree = "<group>"; };
		D2635200AB504FC1FB8615B4 /* Pods-BitCastUITests.debug.xcconfig */ = {isa = PBXFileReference; includeInIndex = 1; lastKnownFileType = text.xcconfig; name = "Pods-BitCastUITests.debug.xcconfig"; path = "Pods/Target Support Files/Pods-BitCastUITests/Pods-BitCastUITests.debug.xcconfig"; sourceTree = "<group>"; };
		D8F2BEBC01C5593FBA53F15A /* Pods-BitCastTests.release.xcconfig */ = {isa = PBXFileReference; includeInIndex = 1; lastKnownFileType = text.xcconfig; name = "Pods-BitCastTests.release.xcconfig"; path = "Pods/Target Support Files/Pods-BitCastTests/Pods-BitCastTests.release.xcconfig"; sourceTree = "<group>"; };
		DE17277F674EB2721C688B6C /* Pods-BitCastUITests.release.xcconfig */ = {isa = PBXFileReference; includeInIndex = 1; lastKnownFileType = text.xcconfig; name = "Pods-BitCastUITests.release.xcconfig"; path = "Pods/Target Support Files/Pods-BitCastUITests/Pods-BitCastUITests.release.xcconfig"; sourceTree = "<group>"; };
/* End PBXFileReference section */

/* Begin PBXFrameworksBuildPhase section */
		012C5E122085B0BF00719F59 /* Frameworks */ = {
			isa = PBXFrameworksBuildPhase;
			buildActionMask = 2147483647;
			files = (
				9533DDE78FD37172113F5FE9 /* Pods_BitCast.framework in Frameworks */,
			);
			runOnlyForDeploymentPostprocessing = 0;
		};
		012C5E262085B0CC00719F59 /* Frameworks */ = {
			isa = PBXFrameworksBuildPhase;
			buildActionMask = 2147483647;
			files = (
				47966A9737654F7571A1C572 /* Pods_BitCastTests.framework in Frameworks */,
			);
			runOnlyForDeploymentPostprocessing = 0;
		};
		012C5E312085B0CD00719F59 /* Frameworks */ = {
			isa = PBXFrameworksBuildPhase;
			buildActionMask = 2147483647;
			files = (
				A010D192294DA049485249F4 /* Pods_BitCastUITests.framework in Frameworks */,
			);
			runOnlyForDeploymentPostprocessing = 0;
		};
/* End PBXFrameworksBuildPhase section */

/* Begin PBXGroup section */
		012C5E0C2085B0BF00719F59 = {
			isa = PBXGroup;
			children = (
				012C5E172085B0BF00719F59 /* BitCast */,
				012C5E2C2085B0CC00719F59 /* BitCastTests */,
				012C5E372085B0CD00719F59 /* BitCastUITests */,
				012C5E162085B0BF00719F59 /* Products */,
				EB668E613A80B86B97A6CD03 /* Pods */,
				996F3B0E3306A487EBED3964 /* Frameworks */,
			);
			sourceTree = "<group>";
		};
		012C5E162085B0BF00719F59 /* Products */ = {
			isa = PBXGroup;
			children = (
				012C5E152085B0BF00719F59 /* BitCast.app */,
				012C5E292085B0CC00719F59 /* BitCastTests.xctest */,
				012C5E342085B0CD00719F59 /* BitCastUITests.xctest */,
			);
			name = Products;
			sourceTree = "<group>";
		};
		012C5E172085B0BF00719F59 /* BitCast */ = {
			isa = PBXGroup;
			children = (
				0152981C20899C21004F16CF /* API */,
				01F44054208613FE00A31883 /* Views */,
				01F440512086124200A31883 /* Models */,
				01F4404E20860D3200A31883 /* Controllers */,
				012C5E182085B0BF00719F59 /* AppDelegate.swift */,
				012C5E1A2085B0BF00719F59 /* ViewController.swift */,
				012C5E1C2085B0BF00719F59 /* Main.storyboard */,
				012C5E1F2085B0CC00719F59 /* Assets.xcassets */,
				012C5E212085B0CC00719F59 /* LaunchScreen.storyboard */,
				012C5E242085B0CC00719F59 /* Info.plist */,
				01F4404C2085B90A00A31883 /* MainTabBarController.swift */,
			);
			path = BitCast;
			sourceTree = "<group>";
		};
		012C5E2C2085B0CC00719F59 /* BitCastTests */ = {
			isa = PBXGroup;
			children = (
				012C5E2D2085B0CC00719F59 /* BitCastTests.swift */,
				012C5E2F2085B0CC00719F59 /* Info.plist */,
			);
			path = BitCastTests;
			sourceTree = "<group>";
		};
		012C5E372085B0CD00719F59 /* BitCastUITests */ = {
			isa = PBXGroup;
			children = (
				012C5E382085B0CD00719F59 /* BitCastUITests.swift */,
				012C5E3A2085B0CD00719F59 /* Info.plist */,
			);
			path = BitCastUITests;
			sourceTree = "<group>";
		};
		0152981C20899C21004F16CF /* API */ = {
			isa = PBXGroup;
			children = (
				0152981D20899C55004F16CF /* APIService.swift */,
			);
			path = API;
			sourceTree = "<group>";
		};
		01F4404E20860D3200A31883 /* Controllers */ = {
			isa = PBXGroup;
			children = (
				01F4404F20860D6300A31883 /* PodcastsSearchTableViewController.swift */,
			);
			path = Controllers;
			sourceTree = "<group>";
		};
		01F440512086124200A31883 /* Models */ = {
			isa = PBXGroup;
			children = (
				01F440522086125700A31883 /* Podcast.swift */,
			);
			path = Models;
			sourceTree = "<group>";
		};
		01F44054208613FE00A31883 /* Views */ = {
			isa = PBXGroup;
			children = (
				01F440552086142000A31883 /* SearchCell.swift */,
				0152981820871A7B004F16CF /* PodcastCell.xib */,
				0152981A20871DBB004F16CF /* PodcastTableViewCell.swift */,
			);
			path = Views;
			sourceTree = "<group>";
		};
		996F3B0E3306A487EBED3964 /* Frameworks */ = {
			isa = PBXGroup;
			children = (
				461979FFB28706544E1262A9 /* Pods_BitCast.framework */,
				A6E320F4246183D454E29889 /* Pods_BitCastTests.framework */,
				76E3008A9403414855E57F58 /* Pods_BitCastUITests.framework */,
			);
			name = Frameworks;
			sourceTree = "<group>";
		};
		EB668E613A80B86B97A6CD03 /* Pods */ = {
			isa = PBXGroup;
			children = (
				B5F648B74679323F1D323D8C /* Pods-BitCast.debug.xcconfig */,
				50F55EB293CC9249865214B4 /* Pods-BitCast.release.xcconfig */,
				6CB98F8B1E777DA4F1C7B685 /* Pods-BitCastTests.debug.xcconfig */,
				D8F2BEBC01C5593FBA53F15A /* Pods-BitCastTests.release.xcconfig */,
				D2635200AB504FC1FB8615B4 /* Pods-BitCastUITests.debug.xcconfig */,
				DE17277F674EB2721C688B6C /* Pods-BitCastUITests.release.xcconfig */,
			);
			name = Pods;
			sourceTree = "<group>";
		};
/* End PBXGroup section */

/* Begin PBXNativeTarget section */
		012C5E142085B0BF00719F59 /* BitCast */ = {
			isa = PBXNativeTarget;
			buildConfigurationList = 012C5E3D2085B0CD00719F59 /* Build configuration list for PBXNativeTarget "BitCast" */;
			buildPhases = (
				5FB8F4DB9F4A223611AD4997 /* [CP] Check Pods Manifest.lock */,
				012C5E112085B0BF00719F59 /* Sources */,
				012C5E122085B0BF00719F59 /* Frameworks */,
				012C5E132085B0BF00719F59 /* Resources */,
				A56E6D662339557696C76F58 /* [CP] Embed Pods Frameworks */,
			);
			buildRules = (
			);
			dependencies = (
			);
			name = BitCast;
			productName = BitCast;
			productReference = 012C5E152085B0BF00719F59 /* BitCast.app */;
			productType = "com.apple.product-type.application";
		};
		012C5E282085B0CC00719F59 /* BitCastTests */ = {
			isa = PBXNativeTarget;
			buildConfigurationList = 012C5E402085B0CD00719F59 /* Build configuration list for PBXNativeTarget "BitCastTests" */;
			buildPhases = (
				25B3954CAE84A30431DD53E5 /* [CP] Check Pods Manifest.lock */,
				012C5E252085B0CC00719F59 /* Sources */,
				012C5E262085B0CC00719F59 /* Frameworks */,
				012C5E272085B0CC00719F59 /* Resources */,
			);
			buildRules = (
			);
			dependencies = (
				012C5E2B2085B0CC00719F59 /* PBXTargetDependency */,
			);
			name = BitCastTests;
			productName = BitCastTests;
			productReference = 012C5E292085B0CC00719F59 /* BitCastTests.xctest */;
			productType = "com.apple.product-type.bundle.unit-test";
		};
		012C5E332085B0CD00719F59 /* BitCastUITests */ = {
			isa = PBXNativeTarget;
			buildConfigurationList = 012C5E432085B0CD00719F59 /* Build configuration list for PBXNativeTarget "BitCastUITests" */;
			buildPhases = (
				9C025E717A86C77A85CE335B /* [CP] Check Pods Manifest.lock */,
				012C5E302085B0CD00719F59 /* Sources */,
				012C5E312085B0CD00719F59 /* Frameworks */,
				012C5E322085B0CD00719F59 /* Resources */,
			);
			buildRules = (
			);
			dependencies = (
				012C5E362085B0CD00719F59 /* PBXTargetDependency */,
			);
			name = BitCastUITests;
			productName = BitCastUITests;
			productReference = 012C5E342085B0CD00719F59 /* BitCastUITests.xctest */;
			productType = "com.apple.product-type.bundle.ui-testing";
		};
/* End PBXNativeTarget section */

/* Begin PBXProject section */
		012C5E0D2085B0BF00719F59 /* Project object */ = {
			isa = PBXProject;
			attributes = {
				LastSwiftUpdateCheck = 0930;
				LastUpgradeCheck = 0930;
				ORGANIZATIONNAME = "Mitul Manish";
				TargetAttributes = {
					012C5E142085B0BF00719F59 = {
						CreatedOnToolsVersion = 9.3;
					};
					012C5E282085B0CC00719F59 = {
						CreatedOnToolsVersion = 9.3;
						TestTargetID = 012C5E142085B0BF00719F59;
					};
					012C5E332085B0CD00719F59 = {
						CreatedOnToolsVersion = 9.3;
						TestTargetID = 012C5E142085B0BF00719F59;
					};
				};
			};
			buildConfigurationList = 012C5E102085B0BF00719F59 /* Build configuration list for PBXProject "BitCast" */;
			compatibilityVersion = "Xcode 9.3";
			developmentRegion = en;
			hasScannedForEncodings = 0;
			knownRegions = (
				en,
				Base,
			);
			mainGroup = 012C5E0C2085B0BF00719F59;
			productRefGroup = 012C5E162085B0BF00719F59 /* Products */;
			projectDirPath = "";
			projectRoot = "";
			targets = (
				012C5E142085B0BF00719F59 /* BitCast */,
				012C5E282085B0CC00719F59 /* BitCastTests */,
				012C5E332085B0CD00719F59 /* BitCastUITests */,
			);
		};
/* End PBXProject section */

/* Begin PBXResourcesBuildPhase section */
		012C5E132085B0BF00719F59 /* Resources */ = {
			isa = PBXResourcesBuildPhase;
			buildActionMask = 2147483647;
			files = (
				012C5E232085B0CC00719F59 /* LaunchScreen.storyboard in Resources */,
				012C5E202085B0CC00719F59 /* Assets.xcassets in Resources */,
				0152981920871A7B004F16CF /* PodcastCell.xib in Resources */,
				012C5E1E2085B0BF00719F59 /* Main.storyboard in Resources */,
			);
			runOnlyForDeploymentPostprocessing = 0;
		};
		012C5E272085B0CC00719F59 /* Resources */ = {
			isa = PBXResourcesBuildPhase;
			buildActionMask = 2147483647;
			files = (
			);
			runOnlyForDeploymentPostprocessing = 0;
		};
		012C5E322085B0CD00719F59 /* Resources */ = {
			isa = PBXResourcesBuildPhase;
			buildActionMask = 2147483647;
			files = (
			);
			runOnlyForDeploymentPostprocessing = 0;
		};
/* End PBXResourcesBuildPhase section */

/* Begin PBXShellScriptBuildPhase section */
		25B3954CAE84A30431DD53E5 /* [CP] Check Pods Manifest.lock */ = {
			isa = PBXShellScriptBuildPhase;
			buildActionMask = 2147483647;
			files = (
			);
			inputPaths = (
				"${PODS_PODFILE_DIR_PATH}/Podfile.lock",
				"${PODS_ROOT}/Manifest.lock",
			);
			name = "[CP] Check Pods Manifest.lock";
			outputPaths = (
				"$(DERIVED_FILE_DIR)/Pods-BitCastTests-checkManifestLockResult.txt",
			);
			runOnlyForDeploymentPostprocessing = 0;
			shellPath = /bin/sh;
			shellScript = "diff \"${PODS_PODFILE_DIR_PATH}/Podfile.lock\" \"${PODS_ROOT}/Manifest.lock\" > /dev/null\nif [ $? != 0 ] ; then\n    # print error to STDERR\n    echo \"error: The sandbox is not in sync with the Podfile.lock. Run 'pod install' or update your CocoaPods installation.\" >&2\n    exit 1\nfi\n# This output is used by Xcode 'outputs' to avoid re-running this script phase.\necho \"SUCCESS\" > \"${SCRIPT_OUTPUT_FILE_0}\"\n";
			showEnvVarsInLog = 0;
		};
		5FB8F4DB9F4A223611AD4997 /* [CP] Check Pods Manifest.lock */ = {
			isa = PBXShellScriptBuildPhase;
			buildActionMask = 2147483647;
			files = (
			);
			inputPaths = (
				"${PODS_PODFILE_DIR_PATH}/Podfile.lock",
				"${PODS_ROOT}/Manifest.lock",
			);
			name = "[CP] Check Pods Manifest.lock";
			outputPaths = (
				"$(DERIVED_FILE_DIR)/Pods-BitCast-checkManifestLockResult.txt",
			);
			runOnlyForDeploymentPostprocessing = 0;
			shellPath = /bin/sh;
			shellScript = "diff \"${PODS_PODFILE_DIR_PATH}/Podfile.lock\" \"${PODS_ROOT}/Manifest.lock\" > /dev/null\nif [ $? != 0 ] ; then\n    # print error to STDERR\n    echo \"error: The sandbox is not in sync with the Podfile.lock. Run 'pod install' or update your CocoaPods installation.\" >&2\n    exit 1\nfi\n# This output is used by Xcode 'outputs' to avoid re-running this script phase.\necho \"SUCCESS\" > \"${SCRIPT_OUTPUT_FILE_0}\"\n";
			showEnvVarsInLog = 0;
		};
		9C025E717A86C77A85CE335B /* [CP] Check Pods Manifest.lock */ = {
			isa = PBXShellScriptBuildPhase;
			buildActionMask = 2147483647;
			files = (
			);
			inputPaths = (
				"${PODS_PODFILE_DIR_PATH}/Podfile.lock",
				"${PODS_ROOT}/Manifest.lock",
			);
			name = "[CP] Check Pods Manifest.lock";
			outputPaths = (
				"$(DERIVED_FILE_DIR)/Pods-BitCastUITests-checkManifestLockResult.txt",
			);
			runOnlyForDeploymentPostprocessing = 0;
			shellPath = /bin/sh;
			shellScript = "diff \"${PODS_PODFILE_DIR_PATH}/Podfile.lock\" \"${PODS_ROOT}/Manifest.lock\" > /dev/null\nif [ $? != 0 ] ; then\n    # print error to STDERR\n    echo \"error: The sandbox is not in sync with the Podfile.lock. Run 'pod install' or update your CocoaPods installation.\" >&2\n    exit 1\nfi\n# This output is used by Xcode 'outputs' to avoid re-running this script phase.\necho \"SUCCESS\" > \"${SCRIPT_OUTPUT_FILE_0}\"\n";
			showEnvVarsInLog = 0;
		};
		A56E6D662339557696C76F58 /* [CP] Embed Pods Frameworks */ = {
			isa = PBXShellScriptBuildPhase;
			buildActionMask = 2147483647;
			files = (
			);
			inputPaths = (
				"${SRCROOT}/Pods/Target Support Files/Pods-BitCast/Pods-BitCast-frameworks.sh",
				"${BUILT_PRODUCTS_DIR}/Alamofire/Alamofire.framework",
				"${BUILT_PRODUCTS_DIR}/SDWebImage/SDWebImage.framework",
			);
			name = "[CP] Embed Pods Frameworks";
			outputPaths = (
				"${TARGET_BUILD_DIR}/${FRAMEWORKS_FOLDER_PATH}/Alamofire.framework",
				"${TARGET_BUILD_DIR}/${FRAMEWORKS_FOLDER_PATH}/SDWebImage.framework",
			);
			runOnlyForDeploymentPostprocessing = 0;
			shellPath = /bin/sh;
			shellScript = "\"${SRCROOT}/Pods/Target Support Files/Pods-BitCast/Pods-BitCast-frameworks.sh\"\n";
			showEnvVarsInLog = 0;
		};
/* End PBXShellScriptBuildPhase section */

/* Begin PBXSourcesBuildPhase section */
		012C5E112085B0BF00719F59 /* Sources */ = {
			isa = PBXSourcesBuildPhase;
			buildActionMask = 2147483647;
			files = (
				01F4405020860D6300A31883 /* PodcastsSearchTableViewController.swift in Sources */,
				01F440562086142000A31883 /* SearchCell.swift in Sources */,
				012C5E1B2085B0BF00719F59 /* ViewController.swift in Sources */,
				0152981B20871DBB004F16CF /* PodcastTableViewCell.swift in Sources */,
				012C5E192085B0BF00719F59 /* AppDelegate.swift in Sources */,
				01F4404D2085B90A00A31883 /* MainTabBarController.swift in Sources */,
				0152981E20899C55004F16CF /* APIService.swift in Sources */,
				01F440532086125700A31883 /* Podcast.swift in Sources */,
			);
			runOnlyForDeploymentPostprocessing = 0;
		};
		012C5E252085B0CC00719F59 /* Sources */ = {
			isa = PBXSourcesBuildPhase;
			buildActionMask = 2147483647;
			files = (
				012C5E2E2085B0CC00719F59 /* BitCastTests.swift in Sources */,
			);
			runOnlyForDeploymentPostprocessing = 0;
		};
		012C5E302085B0CD00719F59 /* Sources */ = {
			isa = PBXSourcesBuildPhase;
			buildActionMask = 2147483647;
			files = (
				012C5E392085B0CD00719F59 /* BitCastUITests.swift in Sources */,
			);
			runOnlyForDeploymentPostprocessing = 0;
		};
/* End PBXSourcesBuildPhase section */

/* Begin PBXTargetDependency section */
		012C5E2B2085B0CC00719F59 /* PBXTargetDependency */ = {
			isa = PBXTargetDependency;
			target = 012C5E142085B0BF00719F59 /* BitCast */;
			targetProxy = 012C5E2A2085B0CC00719F59 /* PBXContainerItemProxy */;
		};
		012C5E362085B0CD00719F59 /* PBXTargetDependency */ = {
			isa = PBXTargetDependency;
			target = 012C5E142085B0BF00719F59 /* BitCast */;
			targetProxy = 012C5E352085B0CD00719F59 /* PBXContainerItemProxy */;
		};
/* End PBXTargetDependency section */

/* Begin PBXVariantGroup section */
		012C5E1C2085B0BF00719F59 /* Main.storyboard */ = {
			isa = PBXVariantGroup;
			children = (
				012C5E1D2085B0BF00719F59 /* Base */,
			);
			name = Main.storyboard;
			sourceTree = "<group>";
		};
		012C5E212085B0CC00719F59 /* LaunchScreen.storyboard */ = {
			isa = PBXVariantGroup;
			children = (
				012C5E222085B0CC00719F59 /* Base */,
			);
			name = LaunchScreen.storyboard;
			sourceTree = "<group>";
		};
/* End PBXVariantGroup section */

/* Begin XCBuildConfiguration section */
		012C5E3B2085B0CD00719F59 /* Debug */ = {
			isa = XCBuildConfiguration;
			buildSettings = {
				ALWAYS_SEARCH_USER_PATHS = NO;
				CLANG_ANALYZER_NONNULL = YES;
				CLANG_ANALYZER_NUMBER_OBJECT_CONVERSION = YES_AGGRESSIVE;
				CLANG_CXX_LANGUAGE_STANDARD = "gnu++14";
				CLANG_CXX_LIBRARY = "libc++";
				CLANG_ENABLE_MODULES = YES;
				CLANG_ENABLE_OBJC_ARC = YES;
				CLANG_ENABLE_OBJC_WEAK = YES;
				CLANG_WARN_BLOCK_CAPTURE_AUTORELEASING = YES;
				CLANG_WARN_BOOL_CONVERSION = YES;
				CLANG_WARN_COMMA = YES;
				CLANG_WARN_CONSTANT_CONVERSION = YES;
				CLANG_WARN_DEPRECATED_OBJC_IMPLEMENTATIONS = YES;
				CLANG_WARN_DIRECT_OBJC_ISA_USAGE = YES_ERROR;
				CLANG_WARN_DOCUMENTATION_COMMENTS = YES;
				CLANG_WARN_EMPTY_BODY = YES;
				CLANG_WARN_ENUM_CONVERSION = YES;
				CLANG_WARN_INFINITE_RECURSION = YES;
				CLANG_WARN_INT_CONVERSION = YES;
				CLANG_WARN_NON_LITERAL_NULL_CONVERSION = YES;
				CLANG_WARN_OBJC_IMPLICIT_RETAIN_SELF = YES;
				CLANG_WARN_OBJC_LITERAL_CONVERSION = YES;
				CLANG_WARN_OBJC_ROOT_CLASS = YES_ERROR;
				CLANG_WARN_RANGE_LOOP_ANALYSIS = YES;
				CLANG_WARN_STRICT_PROTOTYPES = YES;
				CLANG_WARN_SUSPICIOUS_MOVE = YES;
				CLANG_WARN_UNGUARDED_AVAILABILITY = YES_AGGRESSIVE;
				CLANG_WARN_UNREACHABLE_CODE = YES;
				CLANG_WARN__DUPLICATE_METHOD_MATCH = YES;
				CODE_SIGN_IDENTITY = "iPhone Developer";
				COPY_PHASE_STRIP = NO;
				DEBUG_INFORMATION_FORMAT = dwarf;
				ENABLE_STRICT_OBJC_MSGSEND = YES;
				ENABLE_TESTABILITY = YES;
				GCC_C_LANGUAGE_STANDARD = gnu11;
				GCC_DYNAMIC_NO_PIC = NO;
				GCC_NO_COMMON_BLOCKS = YES;
				GCC_OPTIMIZATION_LEVEL = 0;
				GCC_PREPROCESSOR_DEFINITIONS = (
					"DEBUG=1",
					"$(inherited)",
				);
				GCC_WARN_64_TO_32_BIT_CONVERSION = YES;
				GCC_WARN_ABOUT_RETURN_TYPE = YES_ERROR;
				GCC_WARN_UNDECLARED_SELECTOR = YES;
				GCC_WARN_UNINITIALIZED_AUTOS = YES_AGGRESSIVE;
				GCC_WARN_UNUSED_FUNCTION = YES;
				GCC_WARN_UNUSED_VARIABLE = YES;
				IPHONEOS_DEPLOYMENT_TARGET = 11.3;
				MTL_ENABLE_DEBUG_INFO = YES;
				ONLY_ACTIVE_ARCH = YES;
				SDKROOT = iphoneos;
				SWIFT_ACTIVE_COMPILATION_CONDITIONS = DEBUG;
				SWIFT_OPTIMIZATION_LEVEL = "-Onone";
			};
			name = Debug;
		};
		012C5E3C2085B0CD00719F59 /* Release */ = {
			isa = XCBuildConfiguration;
			buildSettings = {
				ALWAYS_SEARCH_USER_PATHS = NO;
				CLANG_ANALYZER_NONNULL = YES;
				CLANG_ANALYZER_NUMBER_OBJECT_CONVERSION = YES_AGGRESSIVE;
				CLANG_CXX_LANGUAGE_STANDARD = "gnu++14";
				CLANG_CXX_LIBRARY = "libc++";
				CLANG_ENABLE_MODULES = YES;
				CLANG_ENABLE_OBJC_ARC = YES;
				CLANG_ENABLE_OBJC_WEAK = YES;
				CLANG_WARN_BLOCK_CAPTURE_AUTORELEASING = YES;
				CLANG_WARN_BOOL_CONVERSION = YES;
				CLANG_WARN_COMMA = YES;
				CLANG_WARN_CONSTANT_CONVERSION = YES;
				CLANG_WARN_DEPRECATED_OBJC_IMPLEMENTATIONS = YES;
				CLANG_WARN_DIRECT_OBJC_ISA_USAGE = YES_ERROR;
				CLANG_WARN_DOCUMENTATION_COMMENTS = YES;
				CLANG_WARN_EMPTY_BODY = YES;
				CLANG_WARN_ENUM_CONVERSION = YES;
				CLANG_WARN_INFINITE_RECURSION = YES;
				CLANG_WARN_INT_CONVERSION = YES;
				CLANG_WARN_NON_LITERAL_NULL_CONVERSION = YES;
				CLANG_WARN_OBJC_IMPLICIT_RETAIN_SELF = YES;
				CLANG_WARN_OBJC_LITERAL_CONVERSION = YES;
				CLANG_WARN_OBJC_ROOT_CLASS = YES_ERROR;
				CLANG_WARN_RANGE_LOOP_ANALYSIS = YES;
				CLANG_WARN_STRICT_PROTOTYPES = YES;
				CLANG_WARN_SUSPICIOUS_MOVE = YES;
				CLANG_WARN_UNGUARDED_AVAILABILITY = YES_AGGRESSIVE;
				CLANG_WARN_UNREACHABLE_CODE = YES;
				CLANG_WARN__DUPLICATE_METHOD_MATCH = YES;
				CODE_SIGN_IDENTITY = "iPhone Developer";
				COPY_PHASE_STRIP = NO;
				DEBUG_INFORMATION_FORMAT = "dwarf-with-dsym";
				ENABLE_NS_ASSERTIONS = NO;
				ENABLE_STRICT_OBJC_MSGSEND = YES;
				GCC_C_LANGUAGE_STANDARD = gnu11;
				GCC_NO_COMMON_BLOCKS = YES;
				GCC_WARN_64_TO_32_BIT_CONVERSION = YES;
				GCC_WARN_ABOUT_RETURN_TYPE = YES_ERROR;
				GCC_WARN_UNDECLARED_SELECTOR = YES;
				GCC_WARN_UNINITIALIZED_AUTOS = YES_AGGRESSIVE;
				GCC_WARN_UNUSED_FUNCTION = YES;
				GCC_WARN_UNUSED_VARIABLE = YES;
				IPHONEOS_DEPLOYMENT_TARGET = 11.3;
				MTL_ENABLE_DEBUG_INFO = NO;
				SDKROOT = iphoneos;
				SWIFT_COMPILATION_MODE = wholemodule;
				SWIFT_OPTIMIZATION_LEVEL = "-O";
				VALIDATE_PRODUCT = YES;
			};
			name = Release;
		};
		012C5E3E2085B0CD00719F59 /* Debug */ = {
			isa = XCBuildConfiguration;
			baseConfigurationReference = B5F648B74679323F1D323D8C /* Pods-BitCast.debug.xcconfig */;
			buildSettings = {
				ASSETCATALOG_COMPILER_APPICON_NAME = AppIcon;
				CODE_SIGN_STYLE = Automatic;
				DEVELOPMENT_TEAM = RNF8E69GKB;
				INFOPLIST_FILE = BitCast/Info.plist;
				IPHONEOS_DEPLOYMENT_TARGET = 11.0;
				LD_RUNPATH_SEARCH_PATHS = "$(inherited) @executable_path/Frameworks";
				PRODUCT_BUNDLE_IDENTIFIER = "mitul-manish.BitCast";
				PRODUCT_NAME = "$(TARGET_NAME)";
				SWIFT_VERSION = 4.0;
				TARGETED_DEVICE_FAMILY = "1,2";
			};
			name = Debug;
		};
		012C5E3F2085B0CD00719F59 /* Release */ = {
			isa = XCBuildConfiguration;
			baseConfigurationReference = 50F55EB293CC9249865214B4 /* Pods-BitCast.release.xcconfig */;
			buildSettings = {
				ASSETCATALOG_COMPILER_APPICON_NAME = AppIcon;
				CODE_SIGN_STYLE = Automatic;
				DEVELOPMENT_TEAM = RNF8E69GKB;
				INFOPLIST_FILE = BitCast/Info.plist;
				IPHONEOS_DEPLOYMENT_TARGET = 11.0;
				LD_RUNPATH_SEARCH_PATHS = "$(inherited) @executable_path/Frameworks";
				PRODUCT_BUNDLE_IDENTIFIER = "mitul-manish.BitCast";
				PRODUCT_NAME = "$(TARGET_NAME)";
				SWIFT_VERSION = 4.0;
				TARGETED_DEVICE_FAMILY = "1,2";
			};
			name = Release;
		};
		012C5E412085B0CD00719F59 /* Debug */ = {
			isa = XCBuildConfiguration;
			baseConfigurationReference = 6CB98F8B1E777DA4F1C7B685 /* Pods-BitCastTests.debug.xcconfig */;
			buildSettings = {
				ALWAYS_EMBED_SWIFT_STANDARD_LIBRARIES = YES;
				BUNDLE_LOADER = "$(TEST_HOST)";
				CODE_SIGN_STYLE = Automatic;
				DEVELOPMENT_TEAM = RNF8E69GKB;
				INFOPLIST_FILE = BitCastTests/Info.plist;
				LD_RUNPATH_SEARCH_PATHS = "$(inherited) @executable_path/Frameworks @loader_path/Frameworks";
				PRODUCT_BUNDLE_IDENTIFIER = "mitul-manish.BitCastTests";
				PRODUCT_NAME = "$(TARGET_NAME)";
				SWIFT_VERSION = 4.0;
				TARGETED_DEVICE_FAMILY = "1,2";
				TEST_HOST = "$(BUILT_PRODUCTS_DIR)/BitCast.app/BitCast";
			};
			name = Debug;
		};
		012C5E422085B0CD00719F59 /* Release */ = {
			isa = XCBuildConfiguration;
			baseConfigurationReference = D8F2BEBC01C5593FBA53F15A /* Pods-BitCastTests.release.xcconfig */;
			buildSettings = {
				ALWAYS_EMBED_SWIFT_STANDARD_LIBRARIES = YES;
				BUNDLE_LOADER = "$(TEST_HOST)";
				CODE_SIGN_STYLE = Automatic;
				DEVELOPMENT_TEAM = RNF8E69GKB;
				INFOPLIST_FILE = BitCastTests/Info.plist;
				LD_RUNPATH_SEARCH_PATHS = "$(inherited) @executable_path/Frameworks @loader_path/Frameworks";
				PRODUCT_BUNDLE_IDENTIFIER = "mitul-manish.BitCastTests";
				PRODUCT_NAME = "$(TARGET_NAME)";
				SWIFT_VERSION = 4.0;
				TARGETED_DEVICE_FAMILY = "1,2";
				TEST_HOST = "$(BUILT_PRODUCTS_DIR)/BitCast.app/BitCast";
			};
			name = Release;
		};
		012C5E442085B0CD00719F59 /* Debug */ = {
			isa = XCBuildConfiguration;
			baseConfigurationReference = D2635200AB504FC1FB8615B4 /* Pods-BitCastUITests.debug.xcconfig */;
			buildSettings = {
				ALWAYS_EMBED_SWIFT_STANDARD_LIBRARIES = YES;
				CODE_SIGN_STYLE = Automatic;
				DEVELOPMENT_TEAM = RNF8E69GKB;
				INFOPLIST_FILE = BitCastUITests/Info.plist;
				LD_RUNPATH_SEARCH_PATHS = "$(inherited) @executable_path/Frameworks @loader_path/Frameworks";
				PRODUCT_BUNDLE_IDENTIFIER = "mitul-manish.BitCastUITests";
				PRODUCT_NAME = "$(TARGET_NAME)";
				SWIFT_VERSION = 4.0;
				TARGETED_DEVICE_FAMILY = "1,2";
				TEST_TARGET_NAME = BitCast;
			};
			name = Debug;
		};
		012C5E452085B0CD00719F59 /* Release */ = {
			isa = XCBuildConfiguration;
			baseConfigurationReference = DE17277F674EB2721C688B6C /* Pods-BitCastUITests.release.xcconfig */;
			buildSettings = {
				ALWAYS_EMBED_SWIFT_STANDARD_LIBRARIES = YES;
				CODE_SIGN_STYLE = Automatic;
				DEVELOPMENT_TEAM = RNF8E69GKB;
				INFOPLIST_FILE = BitCastUITests/Info.plist;
				LD_RUNPATH_SEARCH_PATHS = "$(inherited) @executable_path/Frameworks @loader_path/Frameworks";
				PRODUCT_BUNDLE_IDENTIFIER = "mitul-manish.BitCastUITests";
				PRODUCT_NAME = "$(TARGET_NAME)";
				SWIFT_VERSION = 4.0;
				TARGETED_DEVICE_FAMILY = "1,2";
				TEST_TARGET_NAME = BitCast;
			};
			name = Release;
		};
/* End XCBuildConfiguration section */

/* Begin XCConfigurationList section */
		012C5E102085B0BF00719F59 /* Build configuration list for PBXProject "BitCast" */ = {
			isa = XCConfigurationList;
			buildConfigurations = (
				012C5E3B2085B0CD00719F59 /* Debug */,
				012C5E3C2085B0CD00719F59 /* Release */,
			);
			defaultConfigurationIsVisible = 0;
			defaultConfigurationName = Release;
		};
		012C5E3D2085B0CD00719F59 /* Build configuration list for PBXNativeTarget "BitCast" */ = {
			isa = XCConfigurationList;
			buildConfigurations = (
				012C5E3E2085B0CD00719F59 /* Debug */,
				012C5E3F2085B0CD00719F59 /* Release */,
			);
			defaultConfigurationIsVisible = 0;
			defaultConfigurationName = Release;
		};
		012C5E402085B0CD00719F59 /* Build configuration list for PBXNativeTarget "BitCastTests" */ = {
			isa = XCConfigurationList;
			buildConfigurations = (
				012C5E412085B0CD00719F59 /* Debug */,
				012C5E422085B0CD00719F59 /* Release */,
			);
			defaultConfigurationIsVisible = 0;
			defaultConfigurationName = Release;
		};
		012C5E432085B0CD00719F59 /* Build configuration list for PBXNativeTarget "BitCastUITests" */ = {
			isa = XCConfigurationList;
			buildConfigurations = (
				012C5E442085B0CD00719F59 /* Debug */,
				012C5E452085B0CD00719F59 /* Release */,
			);
			defaultConfigurationIsVisible = 0;
			defaultConfigurationName = Release;
		};
/* End XCConfigurationList section */
	};
	rootObject = 012C5E0D2085B0BF00719F59 /* Project object */;
}
